
Microsoft Visual Studio Solution File, Format Version 12.00
# Visual Studio Version 18
VisualStudioVersion = 18.6.11819.183
MinimumVisualStudioVersion = 10.0.40219.1
Project("{FAE04EC0-301F-11D3-BF4B-00C04F79EFBC}") = "Fullstack_test", "Fullstack_test.csproj", "{5F0AAFD1-EF5F-4508-9A99-AB184768E17E}"
EndProject
Global
	GlobalSection(SolutionConfigurationPlatforms) = preSolution
		Debug|Any CPU = Debug|Any CPU
		Release|Any CPU = Release|Any CPU
	EndGlobalSection
	GlobalSection(ProjectConfigurationPlatforms) = postSolution
		{5F0AAFD1-EF5F-4508-9A99-AB184768E17E}.Debug|Any CPU.ActiveCfg = Debug|Any CPU
		{5F0AAFD1-EF5F-4508-9A99-AB184768E17E}.Debug|Any CPU.Build.0 = Debug|Any CPU
		{5F0AAFD1-EF5F-4508-9A99-AB184768E17E}.Release|Any CPU.ActiveCfg = Release|Any CPU
		{5F0AAFD1-EF5F-4508-9A99-AB184768E17E}.Release|Any CPU.Build.0 = Release|Any CPU
	EndGlobalSection
	GlobalSection(SolutionProperties) = preSolution
		HideSolutionNode = FALSE
	EndGlobalSection
	GlobalSection(ExtensibilityGlobals) = postSolution
		SolutionGuid = {5C371B0B-0D90-429F-B7DA-81408840541B}
	EndGlobalSection
EndGlobal
